
Microsoft Visual Studio Solution File, Format Version 12.00
# Visual Studio Version 17
VisualStudioVersion = 17.4.33205.214
MinimumVisualStudioVersion = 10.0.40219.1
Project("{FAE04EC0-301F-11D3-BF4B-00C04F79EFBC}") = "test", "test\test.csproj", "{0C32E6A3-F15B-49F2-8765-7E3980024E77}"
EndProject
Global
	GlobalSection(SolutionConfigurationPlatforms) = preSolution
		Debug|Any CPU = Debug|Any CPU
		Release|Any CPU = Release|Any CPU
	EndGlobalSection
	GlobalSection(ProjectConfigurationPlatforms) = postSolution
		{0C32E6A3-F15B-49F2-8765-7E3980024E77}.Debug|Any CPU.ActiveCfg = Debug|Any CPU
		{0C32E6A3-F15B-49F2-8765-7E3980024E77}.Debug|Any CPU.Build.0 = Debug|Any CPU
		{0C32E6A3-F15B-49F2-8765-7E3980024E77}.Release|Any CPU.ActiveCfg = Release|Any CPU
		{0C32E6A3-F15B-49F2-8765-7E3980024E77}.Release|Any CPU.Build.0 = Release|Any CPU
	EndGlobalSection
	GlobalSection(SolutionProperties) = preSolution
		HideSolutionNode = FALSE
	EndGlobalSection
	GlobalSection(ExtensibilityGlobals) = postSolution
		SolutionGuid = {6A3E6E8B-70A5-41E8-B57B-CAD2745C9658}
	EndGlobalSection
EndGlobal
